
Microsoft Visual Studio Solution File, Format Version 12.00
# Visual Studio Version 16
VisualStudioVersion = 16.0.30523.141
MinimumVisualStudioVersion = 10.0.40219.1
Project("{FAE04EC0-301F-11D3-BF4B-00C04F79EFBC}") = "SOLIDPrinciple", "SOLIDPrinciple\SOLIDPrinciple.csproj", "{68CD7437-6104-43B2-BBC6-C9E68636C35F}"
EndProject
Project("{FAE04EC0-301F-11D3-BF4B-00C04F79EFBC}") = "SingleResponsibility", "SingleResponsibility\SingleResponsibility.csproj", "{5945FF08-BDF7-40B2-B7DE-9E23CBE2B823}"
EndProject
Project("{FAE04EC0-301F-11D3-BF4B-00C04F79EFBC}") = "DecoratorPattern", "DecoratorPattern\DecoratorPattern.csproj", "{581556B2-F991-4C63-92F3-2B8354837ACE}"
EndProject
Global
	GlobalSection(SolutionConfigurationPlatforms) = preSolution
		Debug|Any CPU = Debug|Any CPU
		Release|Any CPU = Release|Any CPU
	EndGlobalSection
	GlobalSection(ProjectConfigurationPlatforms) = postSolution
		{68CD7437-6104-43B2-BBC6-C9E68636C35F}.Debug|Any CPU.ActiveCfg = Debug|Any CPU
		{68CD7437-6104-43B2-BBC6-C9E68636C35F}.Debug|Any CPU.Build.0 = Debug|Any CPU
		{68CD7437-6104-43B2-BBC6-C9E68636C35F}.Release|Any CPU.ActiveCfg = Release|Any CPU
		{68CD7437-6104-43B2-BBC6-C9E68636C35F}.Release|Any CPU.Build.0 = Release|Any CPU
		{5945FF08-BDF7-40B2-B7DE-9E23CBE2B823}.Debug|Any CPU.ActiveCfg = Debug|Any CPU
		{5945FF08-BDF7-40B2-B7DE-9E23CBE2B823}.Debug|Any CPU.Build.0 = Debug|Any CPU
		{5945FF08-BDF7-40B2-B7DE-9E23CBE2B823}.Release|Any CPU.ActiveCfg = Release|Any CPU
		{5945FF08-BDF7-40B2-B7DE-9E23CBE2B823}.Release|Any CPU.Build.0 = Release|Any CPU
		{581556B2-F991-4C63-92F3-2B8354837ACE}.Debug|Any CPU.ActiveCfg = Debug|Any CPU
		{581556B2-F991-4C63-92F3-2B8354837ACE}.Debug|Any CPU.Build.0 = Debug|Any CPU
		{581556B2-F991-4C63-92F3-2B8354837ACE}.Release|Any CPU.ActiveCfg = Release|Any CPU
		{581556B2-F991-4C63-92F3-2B8354837ACE}.Release|Any CPU.Build.0 = Release|Any CPU
	EndGlobalSection
	GlobalSection(SolutionProperties) = preSolution
		HideSolutionNode = FALSE
	EndGlobalSection
	GlobalSection(ExtensibilityGlobals) = postSolution
		SolutionGuid = {AC28700D-D0A2-4457-9910-5D8A57A22B06}
	EndGlobalSection
EndGlobal
